<?xml version="1.0" encoding="UTF-8"?>
<CONFIG>
  <ProjectOptions>
    <Version Value="12"/>
    <General>
      <Flags>
        <MainUnitHasCreateFormStatements Value="False"/>
        <MainUnitHasTitleStatement Value="False"/>
        <MainUnitHasScaledStatement Value="False"/>
      </Flags>
      <SessionStorage Value="InProjectDir"/>
      <Title Value="plugindemo"/>
      <UseAppBundle Value="False"/>
      <ResourceType Value="res"/>
    </General>
    <BuildModes>
      <Item Name="Default" Default="True"/>
      <Item Name="Debug">
        <CompilerOptions>
          <Version Value="11"/>
          <Target>
            <Filename Value="../../bin/$(TargetCPU)-$(TargetOS)/plugindemo"/>
          </Target>
          <SearchPaths>
            <IncludeFiles Value="$(ProjOutDir)"/>
            <OtherUnitFiles Value="../../public"/>
            <UnitOutputDirectory Value="lib/$(TargetCPU)-$(TargetOS)"/>
          </SearchPaths>
          <Parsing>
            <SyntaxOptions>
              <IncludeAssertionCode Value="True"/>
            </SyntaxOptions>
          </Parsing>
          <CodeGeneration>
            <RelocatableUnit Value="True"/>
            <Checks>
              <IOChecks Value="True"/>
              <RangeChecks Value="True"/>
              <OverflowChecks Value="True"/>
              <StackChecks Value="True"/>
            </Checks>
            <VerifyObjMethodCallValidity Value="True"/>
          </CodeGeneration>
          <Linking>
            <Debugging>
              <DebugInfoType Value="dsDwarf3"/>
              <UseHeaptrc Value="True"/>
              <TrashVariables Value="True"/>
              <UseExternalDbgSyms Value="True"/>
            </Debugging>
            <Options>
              <Win32>
                <GraphicApplication Value="True"/>
              </Win32>
              <ExecutableType Value="Library"/>
            </Options>
          </Linking>
        </CompilerOptions>
      </Item>
      <Item Name="Release">
        <CompilerOptions>
          <Version Value="11"/>
          <Target>
            <Filename Value="../../bin/$(TargetCPU)-$(TargetOS)/plugindemo"/>
          </Target>
          <SearchPaths>
            <IncludeFiles Value="$(ProjOutDir)"/>
            <OtherUnitFiles Value="../../public"/>
            <UnitOutputDirectory Value="lib/$(TargetCPU)-$(TargetOS)"/>
          </SearchPaths>
          <CodeGeneration>
            <SmartLinkUnit Value="True"/>
            <RelocatableUnit Value="True"/>
            <Optimizations>
              <OptimizationLevel Value="3"/>
            </Optimizations>
          </CodeGeneration>
          <Linking>
            <Debugging>
              <GenerateDebugInfo Value="False"/>
              <RunWithoutDebug Value="True"/>
            </Debugging>
            <LinkSmart Value="True"/>
            <Options>
              <Win32>
                <GraphicApplication Value="True"/>
              </Win32>
              <ExecutableType Value="Library"/>
            </Options>
          </Linking>
        </CompilerOptions>
      </Item>
    </BuildModes>
    <PublishOptions>
      <Version Value="2"/>
      <UseFileFilters Value="True"/>
    </PublishOptions>
    <RunParams>
      <FormatVersion Value="2"/>
    </RunParams>
    <RequiredPackages>
      <Item>
        <PackageName Value="LCL"/>
      </Item>
    </RequiredPackages>
    <Units>
      <Unit>
        <Filename Value="plugindemo.lpr"/>
        <IsPartOfProject Value="True"/>
      </Unit>
      <Unit>
        <Filename Value="../../public/uplugininterface.pp"/>
        <IsPartOfProject Value="True"/>
        <UnitName Value="uPluginInterface"/>
      </Unit>
      <Unit>
        <Filename Value="../../public/upluginbase.pp"/>
        <IsPartOfProject Value="True"/>
        <UnitName Value="uPluginBase"/>
      </Unit>
      <Unit>
        <Filename Value="udemo.pp"/>
        <IsPartOfProject Value="True"/>
        <UnitName Value="uDemo"/>
      </Unit>
      <Unit>
        <Filename Value="../../public/fm_pluginbase.pp"/>
        <IsPartOfProject Value="True"/>
        <ComponentName Value="frmPluginBase"/>
        <ResourceBaseClass Value="Form"/>
        <UnitName Value="FM_PluginBase"/>
      </Unit>
      <Unit>
        <Filename Value="fm_demo.pp"/>
        <IsPartOfProject Value="True"/>
        <ComponentName Value="frmDemo"/>
        <HasResources Value="True"/>
        <ResourceBaseClass Value="Form"/>
        <UnitName Value="FM_Demo"/>
      </Unit>
      <Unit>
        <Filename Value="fm_demo2.pp"/>
        <IsPartOfProject Value="True"/>
        <ComponentName Value="frmDemo2"/>
        <HasResources Value="True"/>
        <ResourceBaseClass Value="Form"/>
        <UnitName Value="FM_Demo2"/>
      </Unit>
    </Units>
  </ProjectOptions>
  <CompilerOptions>
    <Version Value="11"/>
    <Target>
      <Filename Value="../../bin/$(TargetCPU)-$(TargetOS)/plugindemo"/>
    </Target>
    <SearchPaths>
      <IncludeFiles Value="$(ProjOutDir)"/>
      <OtherUnitFiles Value="../../public"/>
      <UnitOutputDirectory Value="lib/$(TargetCPU)-$(TargetOS)"/>
    </SearchPaths>
    <CodeGeneration>
      <RelocatableUnit Value="True"/>
    </CodeGeneration>
    <Linking>
      <Options>
        <Win32>
          <GraphicApplication Value="True"/>
        </Win32>
        <ExecutableType Value="Library"/>
      </Options>
    </Linking>
  </CompilerOptions>
  <Debugging>
    <Exceptions>
      <Item>
        <Name Value="EAbort"/>
      </Item>
      <Item>
        <Name Value="ECodetoolError"/>
      </Item>
      <Item>
        <Name Value="EFOpenError"/>
      </Item>
    </Exceptions>
  </Debugging>
</CONFIG>
